
Microsoft Visual Studio Solution File, Format Version 12.00
# Visual Studio 15
Project("{FAE04EC0-301F-11D3-BF4B-00C04F79EFBC}") = "TakeAiBath2017", "TakeAiBath2017.csproj", "{980D647B-012F-029B-EDE0-AD18C3802B8C}"
EndProject
Project("{FAE04EC0-301F-11D3-BF4B-00C04F79EFBC}") = "TakeAiBath2017.Editor", "TakeAiBath2017.Editor.csproj", "{981C329C-89E2-A088-925B-A1D2E59EA527}"
EndProject
Global
	GlobalSection(SolutionConfigurationPlatforms) = preSolution
		Debug|Any CPU = Debug|Any CPU
		Release|Any CPU = Release|Any CPU
	EndGlobalSection
	GlobalSection(ProjectConfigurationPlatforms) = postSolution
		{980D647B-012F-029B-EDE0-AD18C3802B8C}.Debug|Any CPU.ActiveCfg = Debug|Any CPU
		{980D647B-012F-029B-EDE0-AD18C3802B8C}.Debug|Any CPU.Build.0 = Debug|Any CPU
		{980D647B-012F-029B-EDE0-AD18C3802B8C}.Release|Any CPU.ActiveCfg = Release|Any CPU
		{980D647B-012F-029B-EDE0-AD18C3802B8C}.Release|Any CPU.Build.0 = Release|Any CPU
		{981C329C-89E2-A088-925B-A1D2E59EA527}.Debug|Any CPU.ActiveCfg = Debug|Any CPU
		{981C329C-89E2-A088-925B-A1D2E59EA527}.Debug|Any CPU.Build.0 = Debug|Any CPU
		{981C329C-89E2-A088-925B-A1D2E59EA527}.Release|Any CPU.ActiveCfg = Release|Any CPU
		{981C329C-89E2-A088-925B-A1D2E59EA527}.Release|Any CPU.Build.0 = Release|Any CPU
	EndGlobalSection
	GlobalSection(SolutionProperties) = preSolution
		HideSolutionNode = FALSE
	EndGlobalSection
EndGlobal
